// !$*UTF8*$!
{
	archiveVersion = 1;
	classes = {
	};
	objectVersion = 46;
	objects = {

/* Begin PBXBuildFile section */
		A00956641DC179ED00530734 /* Survey.swift in Sources */ = {isa = PBXBuildFile; fileRef = A00956631DC179ED00530734 /* Survey.swift */; };
		A00DD70C1DA5C63C008A5FD0 /* AppDelegate.swift in Sources */ = {isa = PBXBuildFile; fileRef = A00DD70B1DA5C63C008A5FD0 /* AppDelegate.swift */; };
		A00DD70E1DA5C63C008A5FD0 /* ViewController.swift in Sources */ = {isa = PBXBuildFile; fileRef = A00DD70D1DA5C63C008A5FD0 /* ViewController.swift */; };
		A00DD7111DA5C63C008A5FD0 /* Main.storyboard in Resources */ = {isa = PBXBuildFile; fileRef = A00DD70F1DA5C63C008A5FD0 /* Main.storyboard */; };
		A00DD7131DA5C63C008A5FD0 /* Assets.xcassets in Resources */ = {isa = PBXBuildFile; fileRef = A00DD7121DA5C63C008A5FD0 /* Assets.xcassets */; };
		A00DD7161DA5C63C008A5FD0 /* LaunchScreen.storyboard in Resources */ = {isa = PBXBuildFile; fileRef = A00DD7141DA5C63C008A5FD0 /* LaunchScreen.storyboard */; };
		A00DD7211DA5C63C008A5FD0 /* LearningRxTests.swift in Sources */ = {isa = PBXBuildFile; fileRef = A00DD7201DA5C63C008A5FD0 /* LearningRxTests.swift */; };
		A00DD72C1DA5C63C008A5FD0 /* LearningRxUITests.swift in Sources */ = {isa = PBXBuildFile; fileRef = A00DD72B1DA5C63C008A5FD0 /* LearningRxUITests.swift */; };
		A036BC911DD65FEC0004C898 /* ResearchTableViewCell.swift in Sources */ = {isa = PBXBuildFile; fileRef = A036BC901DD65FEC0004C898 /* ResearchTableViewCell.swift */; };
		A036BC931DD668790004C898 /* test2.pdf in Resources */ = {isa = PBXBuildFile; fileRef = A036BC921DD668790004C898 /* test2.pdf */; };
		A036BC951DD6688A0004C898 /* test3.pdf in Resources */ = {isa = PBXBuildFile; fileRef = A036BC941DD6688A0004C898 /* test3.pdf */; };
		A036BC991DD677610004C898 /* ResearchArticles.swift in Sources */ = {isa = PBXBuildFile; fileRef = A036BC981DD677610004C898 /* ResearchArticles.swift */; };
		A0748D031DCAC0A800F393D4 /* SurveyResults.swift in Sources */ = {isa = PBXBuildFile; fileRef = A0748D021DCAC0A800F393D4 /* SurveyResults.swift */; };
		DC57304F1DD54B4400B9763C /* video.mp4 in Resources */ = {isa = PBXBuildFile; fileRef = DC57304E1DD54B4400B9763C /* video.mp4 */; };
		DC5730511DD5591200B9763C /* Research.swift in Sources */ = {isa = PBXBuildFile; fileRef = DC5730501DD5591200B9763C /* Research.swift */; };
		DC5730531DD561F700B9763C /* test.pdf in Resources */ = {isa = PBXBuildFile; fileRef = DC5730521DD561F700B9763C /* test.pdf */; };
		DCFB46D71DCBE39A0060350F /* SurveyStart.swift in Sources */ = {isa = PBXBuildFile; fileRef = DCFB46D61DCBE39A0060350F /* SurveyStart.swift */; };
/* End PBXBuildFile section */

/* Begin PBXContainerItemProxy section */
		A00DD71D1DA5C63C008A5FD0 /* PBXContainerItemProxy */ = {
			isa = PBXContainerItemProxy;
			containerPortal = A00DD7001DA5C63C008A5FD0 /* Project object */;
			proxyType = 1;
			remoteGlobalIDString = A00DD7071DA5C63C008A5FD0;
			remoteInfo = LearningRx;
		};
		A00DD7281DA5C63C008A5FD0 /* PBXContainerItemProxy */ = {
			isa = PBXContainerItemProxy;
			containerPortal = A00DD7001DA5C63C008A5FD0 /* Project object */;
			proxyType = 1;
			remoteGlobalIDString = A00DD7071DA5C63C008A5FD0;
			remoteInfo = LearningRx;
		};
/* End PBXContainerItemProxy section */

/* Begin PBXFileReference section */
		A00956631DC179ED00530734 /* Survey.swift */ = {isa = PBXFileReference; fileEncoding = 4; lastKnownFileType = sourcecode.swift; path = Survey.swift; sourceTree = "<group>"; };
		A00DD7081DA5C63C008A5FD0 /* LearningRx.app */ = {isa = PBXFileReference; explicitFileType = wrapper.application; includeInIndex = 0; path = LearningRx.app; sourceTree = BUILT_PRODUCTS_DIR; };
		A00DD70B1DA5C63C008A5FD0 /* AppDelegate.swift */ = {isa = PBXFileReference; lastKnownFileType = sourcecode.swift; path = AppDelegate.swift; sourceTree = "<group>"; };
		A00DD70D1DA5C63C008A5FD0 /* ViewController.swift */ = {isa = PBXFileReference; lastKnownFileType = sourcecode.swift; path = ViewController.swift; sourceTree = "<group>"; };
		A00DD7101DA5C63C008A5FD0 /* Base */ = {isa = PBXFileReference; lastKnownFileType = file.storyboard; name = Base; path = Base.lproj/Main.storyboard; sourceTree = "<group>"; };
		A00DD7121DA5C63C008A5FD0 /* Assets.xcassets */ = {isa = PBXFileReference; lastKnownFileType = folder.assetcatalog; path = Assets.xcassets; sourceTree = "<group>"; };
		A00DD7151DA5C63C008A5FD0 /* Base */ = {isa = PBXFileReference; lastKnownFileType = file.storyboard; name = Base; path = Base.lproj/LaunchScreen.storyboard; sourceTree = "<group>"; };
		A00DD7171DA5C63C008A5FD0 /* Info.plist */ = {isa = PBXFileReference; lastKnownFileType = text.plist.xml; path = Info.plist; sourceTree = "<group>"; };
		A00DD71C1DA5C63C008A5FD0 /* LearningRxTests.xctest */ = {isa = PBXFileReference; explicitFileType = wrapper.cfbundle; includeInIndex = 0; path = LearningRxTests.xctest; sourceTree = BUILT_PRODUCTS_DIR; };
		A00DD7201DA5C63C008A5FD0 /* LearningRxTests.swift */ = {isa = PBXFileReference; lastKnownFileType = sourcecode.swift; path = LearningRxTests.swift; sourceTree = "<group>"; };
		A00DD7221DA5C63C008A5FD0 /* Info.plist */ = {isa = PBXFileReference; lastKnownFileType = text.plist.xml; path = Info.plist; sourceTree = "<group>"; };
		A00DD7271DA5C63C008A5FD0 /* LearningRxUITests.xctest */ = {isa = PBXFileReference; explicitFileType = wrapper.cfbundle; includeInIndex = 0; path = LearningRxUITests.xctest; sourceTree = BUILT_PRODUCTS_DIR; };
		A00DD72B1DA5C63C008A5FD0 /* LearningRxUITests.swift */ = {isa = PBXFileReference; lastKnownFileType = sourcecode.swift; path = LearningRxUITests.swift; sourceTree = "<group>"; };
		A00DD72D1DA5C63C008A5FD0 /* Info.plist */ = {isa = PBXFileReference; lastKnownFileType = text.plist.xml; path = Info.plist; sourceTree = "<group>"; };
		A036BC901DD65FEC0004C898 /* ResearchTableViewCell.swift */ = {isa = PBXFileReference; fileEncoding = 4; lastKnownFileType = sourcecode.swift; path = ResearchTableViewCell.swift; sourceTree = "<group>"; };
		A036BC921DD668790004C898 /* test2.pdf */ = {isa = PBXFileReference; lastKnownFileType = image.pdf; path = test2.pdf; sourceTree = "<group>"; };
		A036BC941DD6688A0004C898 /* test3.pdf */ = {isa = PBXFileReference; lastKnownFileType = image.pdf; path = test3.pdf; sourceTree = "<group>"; };
		A036BC981DD677610004C898 /* ResearchArticles.swift */ = {isa = PBXFileReference; fileEncoding = 4; lastKnownFileType = sourcecode.swift; name = ResearchArticles.swift; path = ../ResearchArticles.swift; sourceTree = "<group>"; };
		A0748D021DCAC0A800F393D4 /* SurveyResults.swift */ = {isa = PBXFileReference; fileEncoding = 4; lastKnownFileType = sourcecode.swift; path = SurveyResults.swift; sourceTree = "<group>"; };
		DC57304E1DD54B4400B9763C /* video.mp4 */ = {isa = PBXFileReference; lastKnownFileType = file; path = video.mp4; sourceTree = "<group>"; };
		DC5730501DD5591200B9763C /* Research.swift */ = {isa = PBXFileReference; fileEncoding = 4; lastKnownFileType = sourcecode.swift; path = Research.swift; sourceTree = "<group>"; };
		DC5730521DD561F700B9763C /* test.pdf */ = {isa = PBXFileReference; lastKnownFileType = image.pdf; path = test.pdf; sourceTree = "<group>"; };
		DCFB46D61DCBE39A0060350F /* SurveyStart.swift */ = {isa = PBXFileReference; fileEncoding = 4; lastKnownFileType = sourcecode.swift; path = SurveyStart.swift; sourceTree = "<group>"; };
/* End PBXFileReference section */

/* Begin PBXFrameworksBuildPhase section */
		A00DD7051DA5C63C008A5FD0 /* Frameworks */ = {
			isa = PBXFrameworksBuildPhase;
			buildActionMask = 2147483647;
			files = (
			);
			runOnlyForDeploymentPostprocessing = 0;
		};
		A00DD7191DA5C63C008A5FD0 /* Frameworks */ = {
			isa = PBXFrameworksBuildPhase;
			buildActionMask = 2147483647;
			files = (
			);
			runOnlyForDeploymentPostprocessing = 0;
		};
		A00DD7241DA5C63C008A5FD0 /* Frameworks */ = {
			isa = PBXFrameworksBuildPhase;
			buildActionMask = 2147483647;
			files = (
			);
			runOnlyForDeploymentPostprocessing = 0;
		};
/* End PBXFrameworksBuildPhase section */

/* Begin PBXGroup section */
		A00DD6FF1DA5C63C008A5FD0 = {
			isa = PBXGroup;
			children = (
				A00DD70A1DA5C63C008A5FD0 /* LearningRx */,
				A00DD71F1DA5C63C008A5FD0 /* LearningRxTests */,
				A00DD72A1DA5C63C008A5FD0 /* LearningRxUITests */,
				A00DD7091DA5C63C008A5FD0 /* Products */,
			);
			sourceTree = "<group>";
		};
		A00DD7091DA5C63C008A5FD0 /* Products */ = {
			isa = PBXGroup;
			children = (
				A00DD7081DA5C63C008A5FD0 /* LearningRx.app */,
				A00DD71C1DA5C63C008A5FD0 /* LearningRxTests.xctest */,
				A00DD7271DA5C63C008A5FD0 /* LearningRxUITests.xctest */,
			);
			name = Products;
			sourceTree = "<group>";
		};
		A00DD70A1DA5C63C008A5FD0 /* LearningRx */ = {
			isa = PBXGroup;
			children = (
				DC5730521DD561F700B9763C /* test.pdf */,
				A036BC921DD668790004C898 /* test2.pdf */,
				A036BC941DD6688A0004C898 /* test3.pdf */,
				DC57304E1DD54B4400B9763C /* video.mp4 */,
				A00DD70B1DA5C63C008A5FD0 /* AppDelegate.swift */,
				A00DD70D1DA5C63C008A5FD0 /* ViewController.swift */,
				A00DD70F1DA5C63C008A5FD0 /* Main.storyboard */,
				DC5730501DD5591200B9763C /* Research.swift */,
				A036BC901DD65FEC0004C898 /* ResearchTableViewCell.swift */,
				A036BC981DD677610004C898 /* ResearchArticles.swift */,
				DCFB46D61DCBE39A0060350F /* SurveyStart.swift */,
				A00956631DC179ED00530734 /* Survey.swift */,
				A0748D021DCAC0A800F393D4 /* SurveyResults.swift */,
				A00DD7121DA5C63C008A5FD0 /* Assets.xcassets */,
				A00DD7141DA5C63C008A5FD0 /* LaunchScreen.storyboard */,
				A00DD7171DA5C63C008A5FD0 /* Info.plist */,
			);
			path = LearningRx;
			sourceTree = "<group>";
		};
		A00DD71F1DA5C63C008A5FD0 /* LearningRxTests */ = {
			isa = PBXGroup;
			children = (
				A00DD7201DA5C63C008A5FD0 /* LearningRxTests.swift */,
				A00DD7221DA5C63C008A5FD0 /* Info.plist */,
			);
			path = LearningRxTests;
			sourceTree = "<group>";
		};
		A00DD72A1DA5C63C008A5FD0 /* LearningRxUITests */ = {
			isa = PBXGroup;
			children = (
				A00DD72B1DA5C63C008A5FD0 /* LearningRxUITests.swift */,
				A00DD72D1DA5C63C008A5FD0 /* Info.plist */,
			);
			path = LearningRxUITests;
			sourceTree = "<group>";
		};
/* End PBXGroup section */

/* Begin PBXNativeTarget section */
		A00DD7071DA5C63C008A5FD0 /* LearningRx */ = {
			isa = PBXNativeTarget;
			buildConfigurationList = A00DD7301DA5C63C008A5FD0 /* Build configuration list for PBXNativeTarget "LearningRx" */;
			buildPhases = (
				A00DD7041DA5C63C008A5FD0 /* Sources */,
				A00DD7051DA5C63C008A5FD0 /* Frameworks */,
				A00DD7061DA5C63C008A5FD0 /* Resources */,
			);
			buildRules = (
			);
			dependencies = (
			);
			name = LearningRx;
			productName = LearningRx;
			productReference = A00DD7081DA5C63C008A5FD0 /* LearningRx.app */;
			productType = "com.apple.product-type.application";
		};
		A00DD71B1DA5C63C008A5FD0 /* LearningRxTests */ = {
			isa = PBXNativeTarget;
			buildConfigurationList = A00DD7331DA5C63C008A5FD0 /* Build configuration list for PBXNativeTarget "LearningRxTests" */;
			buildPhases = (
				A00DD7181DA5C63C008A5FD0 /* Sources */,
				A00DD7191DA5C63C008A5FD0 /* Frameworks */,
				A00DD71A1DA5C63C008A5FD0 /* Resources */,
			);
			buildRules = (
			);
			dependencies = (
				A00DD71E1DA5C63C008A5FD0 /* PBXTargetDependency */,
			);
			name = LearningRxTests;
			productName = LearningRxTests;
			productReference = A00DD71C1DA5C63C008A5FD0 /* LearningRxTests.xctest */;
			productType = "com.apple.product-type.bundle.unit-test";
		};
		A00DD7261DA5C63C008A5FD0 /* LearningRxUITests */ = {
			isa = PBXNativeTarget;
			buildConfigurationList = A00DD7361DA5C63C008A5FD0 /* Build configuration list for PBXNativeTarget "LearningRxUITests" */;
			buildPhases = (
				A00DD7231DA5C63C008A5FD0 /* Sources */,
				A00DD7241DA5C63C008A5FD0 /* Frameworks */,
				A00DD7251DA5C63C008A5FD0 /* Resources */,
			);
			buildRules = (
			);
			dependencies = (
				A00DD7291DA5C63C008A5FD0 /* PBXTargetDependency */,
			);
			name = LearningRxUITests;
			productName = LearningRxUITests;
			productReference = A00DD7271DA5C63C008A5FD0 /* LearningRxUITests.xctest */;
			productType = "com.apple.product-type.bundle.ui-testing";
		};
/* End PBXNativeTarget section */

/* Begin PBXProject section */
		A00DD7001DA5C63C008A5FD0 /* Project object */ = {
			isa = PBXProject;
			attributes = {
				LastSwiftUpdateCheck = 0800;
				LastUpgradeCheck = 0800;
				ORGANIZATIONNAME = LearningRx;
				TargetAttributes = {
					A00DD7071DA5C63C008A5FD0 = {
						CreatedOnToolsVersion = 8.0;
						DevelopmentTeam = V65562664F;
						ProvisioningStyle = Automatic;
					};
					A00DD71B1DA5C63C008A5FD0 = {
						CreatedOnToolsVersion = 8.0;
						ProvisioningStyle = Automatic;
						TestTargetID = A00DD7071DA5C63C008A5FD0;
					};
					A00DD7261DA5C63C008A5FD0 = {
						CreatedOnToolsVersion = 8.0;
						ProvisioningStyle = Automatic;
						TestTargetID = A00DD7071DA5C63C008A5FD0;
					};
				};
			};
			buildConfigurationList = A00DD7031DA5C63C008A5FD0 /* Build configuration list for PBXProject "LearningRx" */;
			compatibilityVersion = "Xcode 3.2";
			developmentRegion = English;
			hasScannedForEncodings = 0;
			knownRegions = (
				en,
				Base,
			);
			mainGroup = A00DD6FF1DA5C63C008A5FD0;
			productRefGroup = A00DD7091DA5C63C008A5FD0 /* Products */;
			projectDirPath = "";
			projectRoot = "";
			targets = (
				A00DD7071DA5C63C008A5FD0 /* LearningRx */,
				A00DD71B1DA5C63C008A5FD0 /* LearningRxTests */,
				A00DD7261DA5C63C008A5FD0 /* LearningRxUITests */,
			);
		};
/* End PBXProject section */

/* Begin PBXResourcesBuildPhase section */
		A00DD7061DA5C63C008A5FD0 /* Resources */ = {
			isa = PBXResourcesBuildPhase;
			buildActionMask = 2147483647;
			files = (
				A00DD7161DA5C63C008A5FD0 /* LaunchScreen.storyboard in Resources */,
				A00DD7131DA5C63C008A5FD0 /* Assets.xcassets in Resources */,
				A036BC951DD6688A0004C898 /* test3.pdf in Resources */,
				A00DD7111DA5C63C008A5FD0 /* Main.storyboard in Resources */,
				DC57304F1DD54B4400B9763C /* video.mp4 in Resources */,
				DC5730531DD561F700B9763C /* test.pdf in Resources */,
				A036BC931DD668790004C898 /* test2.pdf in Resources */,
			);
			runOnlyForDeploymentPostprocessing = 0;
		};
		A00DD71A1DA5C63C008A5FD0 /* Resources */ = {
			isa = PBXResourcesBuildPhase;
			buildActionMask = 2147483647;
			files = (
			);
			runOnlyForDeploymentPostprocessing = 0;
		};
		A00DD7251DA5C63C008A5FD0 /* Resources */ = {
			isa = PBXResourcesBuildPhase;
			buildActionMask = 2147483647;
			files = (
			);
			runOnlyForDeploymentPostprocessing = 0;
		};
/* End PBXResourcesBuildPhase section */

/* Begin PBXSourcesBuildPhase section */
		A00DD7041DA5C63C008A5FD0 /* Sources */ = {
			isa = PBXSourcesBuildPhase;
			buildActionMask = 2147483647;
			files = (
				A00956641DC179ED00530734 /* Survey.swift in Sources */,
				A036BC911DD65FEC0004C898 /* ResearchTableViewCell.swift in Sources */,
				A00DD70E1DA5C63C008A5FD0 /* ViewController.swift in Sources */,
				DC5730511DD5591200B9763C /* Research.swift in Sources */,
				A0748D031DCAC0A800F393D4 /* SurveyResults.swift in Sources */,
				A036BC991DD677610004C898 /* ResearchArticles.swift in Sources */,
				DCFB46D71DCBE39A0060350F /* SurveyStart.swift in Sources */,
				A00DD70C1DA5C63C008A5FD0 /* AppDelegate.swift in Sources */,
			);
			runOnlyForDeploymentPostprocessing = 0;
		};
		A00DD7181DA5C63C008A5FD0 /* Sources */ = {
			isa = PBXSourcesBuildPhase;
			buildActionMask = 2147483647;
			files = (
				A00DD7211DA5C63C008A5FD0 /* LearningRxTests.swift in Sources */,
			);
			runOnlyForDeploymentPostprocessing = 0;
		};
		A00DD7231DA5C63C008A5FD0 /* Sources */ = {
			isa = PBXSourcesBuildPhase;
			buildActionMask = 2147483647;
			files = (
				A00DD72C1DA5C63C008A5FD0 /* LearningRxUITests.swift in Sources */,
			);
			runOnlyForDeploymentPostprocessing = 0;
		};
/* End PBXSourcesBuildPhase section */

/* Begin PBXTargetDependency section */
		A00DD71E1DA5C63C008A5FD0 /* PBXTargetDependency */ = {
			isa = PBXTargetDependency;
			target = A00DD7071DA5C63C008A5FD0 /* LearningRx */;
			targetProxy = A00DD71D1DA5C63C008A5FD0 /* PBXContainerItemProxy */;
		};
		A00DD7291DA5C63C008A5FD0 /* PBXTargetDependency */ = {
			isa = PBXTargetDependency;
			target = A00DD7071DA5C63C008A5FD0 /* LearningRx */;
			targetProxy = A00DD7281DA5C63C008A5FD0 /* PBXContainerItemProxy */;
		};
/* End PBXTargetDependency section */

/* Begin PBXVariantGroup section */
		A00DD70F1DA5C63C008A5FD0 /* Main.storyboard */ = {
			isa = PBXVariantGroup;
			children = (
				A00DD7101DA5C63C008A5FD0 /* Base */,
			);
			name = Main.storyboard;
			sourceTree = "<group>";
		};
		A00DD7141DA5C63C008A5FD0 /* LaunchScreen.storyboard */ = {
			isa = PBXVariantGroup;
			children = (
				A00DD7151DA5C63C008A5FD0 /* Base */,
			);
			name = LaunchScreen.storyboard;
			sourceTree = "<group>";
		};
/* End PBXVariantGroup section */

/* Begin XCBuildConfiguration section */
		A00DD72E1DA5C63C008A5FD0 /* Debug */ = {
			isa = XCBuildConfiguration;
			buildSettings = {
				ALWAYS_SEARCH_USER_PATHS = NO;
				CLANG_ANALYZER_NONNULL = YES;
				CLANG_CXX_LANGUAGE_STANDARD = "gnu++0x";
				CLANG_CXX_LIBRARY = "libc++";
				CLANG_ENABLE_MODULES = YES;
				CLANG_ENABLE_OBJC_ARC = YES;
				CLANG_WARN_BOOL_CONVERSION = YES;
				CLANG_WARN_CONSTANT_CONVERSION = YES;
				CLANG_WARN_DIRECT_OBJC_ISA_USAGE = YES_ERROR;
				CLANG_WARN_DOCUMENTATION_COMMENTS = YES;
				CLANG_WARN_EMPTY_BODY = YES;
				CLANG_WARN_ENUM_CONVERSION = YES;
				CLANG_WARN_INFINITE_RECURSION = YES;
				CLANG_WARN_INT_CONVERSION = YES;
				CLANG_WARN_OBJC_ROOT_CLASS = YES_ERROR;
				CLANG_WARN_SUSPICIOUS_MOVES = YES;
				CLANG_WARN_UNREACHABLE_CODE = YES;
				CLANG_WARN__DUPLICATE_METHOD_MATCH = YES;
				"CODE_SIGN_IDENTITY[sdk=iphoneos*]" = "iPhone Developer";
				COPY_PHASE_STRIP = NO;
				DEBUG_INFORMATION_FORMAT = dwarf;
				ENABLE_STRICT_OBJC_MSGSEND = YES;
				ENABLE_TESTABILITY = YES;
				GCC_C_LANGUAGE_STANDARD = gnu99;
				GCC_DYNAMIC_NO_PIC = NO;
				GCC_NO_COMMON_BLOCKS = YES;
				GCC_OPTIMIZATION_LEVEL = 0;
				GCC_PREPROCESSOR_DEFINITIONS = (
					"DEBUG=1",
					"$(inherited)",
				);
				GCC_WARN_64_TO_32_BIT_CONVERSION = YES;
				GCC_WARN_ABOUT_RETURN_TYPE = YES_ERROR;
				GCC_WARN_UNDECLARED_SELECTOR = YES;
				GCC_WARN_UNINITIALIZED_AUTOS = YES_AGGRESSIVE;
				GCC_WARN_UNUSED_FUNCTION = YES;
				GCC_WARN_UNUSED_VARIABLE = YES;
				IPHONEOS_DEPLOYMENT_TARGET = 10.0;
				MTL_ENABLE_DEBUG_INFO = YES;
				ONLY_ACTIVE_ARCH = YES;
				SDKROOT = iphoneos;
				SWIFT_ACTIVE_COMPILATION_CONDITIONS = DEBUG;
				SWIFT_OPTIMIZATION_LEVEL = "-Onone";
				TARGETED_DEVICE_FAMILY = 2;
			};
			name = Debug;
		};
		A00DD72F1DA5C63C008A5FD0 /* Release */ = {
			isa = XCBuildConfiguration;
			buildSettings = {
				ALWAYS_SEARCH_USER_PATHS = NO;
				CLANG_ANALYZER_NONNULL = YES;
				CLANG_CXX_LANGUAGE_STANDARD = "gnu++0x";
				CLANG_CXX_LIBRARY = "libc++";
				CLANG_ENABLE_MODULES = YES;
				CLANG_ENABLE_OBJC_ARC = YES;
				CLANG_WARN_BOOL_CONVERSION = YES;
				CLANG_WARN_CONSTANT_CONVERSION = YES;
				CLANG_WARN_DIRECT_OBJC_ISA_USAGE = YES_ERROR;
				CLANG_WARN_DOCUMENTATION_COMMENTS = YES;
				CLANG_WARN_EMPTY_BODY = YES;
				CLANG_WARN_ENUM_CONVERSION = YES;
				CLANG_WARN_INFINITE_RECURSION = YES;
				CLANG_WARN_INT_CONVERSION = YES;
				CLANG_WARN_OBJC_ROOT_CLASS = YES_ERROR;
				CLANG_WARN_SUSPICIOUS_MOVES = YES;
				CLANG_WARN_UNREACHABLE_CODE = YES;
				CLANG_WARN__DUPLICATE_METHOD_MATCH = YES;
				"CODE_SIGN_IDENTITY[sdk=iphoneos*]" = "iPhone Developer";
				COPY_PHASE_STRIP = NO;
				DEBUG_INFORMATION_FORMAT = "dwarf-with-dsym";
				ENABLE_NS_ASSERTIONS = NO;
				ENABLE_STRICT_OBJC_MSGSEND = YES;
				GCC_C_LANGUAGE_STANDARD = gnu99;
				GCC_NO_COMMON_BLOCKS = YES;
				GCC_WARN_64_TO_32_BIT_CONVERSION = YES;
				GCC_WARN_ABOUT_RETURN_TYPE = YES_ERROR;
				GCC_WARN_UNDECLARED_SELECTOR = YES;
				GCC_WARN_UNINITIALIZED_AUTOS = YES_AGGRESSIVE;
				GCC_WARN_UNUSED_FUNCTION = YES;
				GCC_WARN_UNUSED_VARIABLE = YES;
				IPHONEOS_DEPLOYMENT_TARGET = 10.0;
				MTL_ENABLE_DEBUG_INFO = NO;
				SDKROOT = iphoneos;
				SWIFT_OPTIMIZATION_LEVEL = "-Owholemodule";
				TARGETED_DEVICE_FAMILY = 2;
				VALIDATE_PRODUCT = YES;
			};
			name = Release;
		};
		A00DD7311DA5C63C008A5FD0 /* Debug */ = {
			isa = XCBuildConfiguration;
			buildSettings = {
				ASSETCATALOG_COMPILER_APPICON_NAME = AppIcon;
				"CODE_SIGN_IDENTITY[sdk=iphoneos*]" = "iPhone Developer";
				DEVELOPMENT_TEAM = V65562664F;
				INFOPLIST_FILE = LearningRx/Info.plist;
				IPHONEOS_DEPLOYMENT_TARGET = 9.3;
				LD_RUNPATH_SEARCH_PATHS = "$(inherited) @executable_path/Frameworks";
				PRODUCT_BUNDLE_IDENTIFIER = UCCS.LearningRx;
				PRODUCT_NAME = "$(TARGET_NAME)";
				SWIFT_VERSION = 3.0;
				TARGETED_DEVICE_FAMILY = 2;
			};
			name = Debug;
		};
		A00DD7321DA5C63C008A5FD0 /* Release */ = {
			isa = XCBuildConfiguration;
			buildSettings = {
				ASSETCATALOG_COMPILER_APPICON_NAME = AppIcon;
				"CODE_SIGN_IDENTITY[sdk=iphoneos*]" = "iPhone Developer";
				DEVELOPMENT_TEAM = V65562664F;
				INFOPLIST_FILE = LearningRx/Info.plist;
				IPHONEOS_DEPLOYMENT_TARGET = 9.3;
				LD_RUNPATH_SEARCH_PATHS = "$(inherited) @executable_path/Frameworks";
				PRODUCT_BUNDLE_IDENTIFIER = UCCS.LearningRx;
				PRODUCT_NAME = "$(TARGET_NAME)";
				SWIFT_VERSION = 3.0;
				TARGETED_DEVICE_FAMILY = 2;
			};
			name = Release;
		};
		A00DD7341DA5C63C008A5FD0 /* Debug */ = {
			isa = XCBuildConfiguration;
			buildSettings = {
				ALWAYS_EMBED_SWIFT_STANDARD_LIBRARIES = YES;
				BUNDLE_LOADER = "$(TEST_HOST)";
				INFOPLIST_FILE = LearningRxTests/Info.plist;
				LD_RUNPATH_SEARCH_PATHS = "$(inherited) @executable_path/Frameworks @loader_path/Frameworks";
				PRODUCT_BUNDLE_IDENTIFIER = UCCS.LearningRxTests;
				PRODUCT_NAME = "$(TARGET_NAME)";
				SWIFT_VERSION = 3.0;
				TEST_HOST = "$(BUILT_PRODUCTS_DIR)/LearningRx.app/LearningRx";
			};
			name = Debug;
		};
		A00DD7351DA5C63C008A5FD0 /* Release */ = {
			isa = XCBuildConfiguration;
			buildSettings = {
				ALWAYS_EMBED_SWIFT_STANDARD_LIBRARIES = YES;
				BUNDLE_LOADER = "$(TEST_HOST)";
				INFOPLIST_FILE = LearningRxTests/Info.plist;
				LD_RUNPATH_SEARCH_PATHS = "$(inherited) @executable_path/Frameworks @loader_path/Frameworks";
				PRODUCT_BUNDLE_IDENTIFIER = UCCS.LearningRxTests;
				PRODUCT_NAME = "$(TARGET_NAME)";
				SWIFT_VERSION = 3.0;
				TEST_HOST = "$(BUILT_PRODUCTS_DIR)/LearningRx.app/LearningRx";
			};
			name = Release;
		};
		A00DD7371DA5C63C008A5FD0 /* Debug */ = {
			isa = XCBuildConfiguration;
			buildSettings = {
				ALWAYS_EMBED_SWIFT_STANDARD_LIBRARIES = YES;
				INFOPLIST_FILE = LearningRxUITests/Info.plist;
				LD_RUNPATH_SEARCH_PATHS = "$(inherited) @executable_path/Frameworks @loader_path/Frameworks";
				PRODUCT_BUNDLE_IDENTIFIER = UCCS.LearningRxUITests;
				PRODUCT_NAME = "$(TARGET_NAME)";
				SWIFT_VERSION = 3.0;
				TEST_TARGET_NAME = LearningRx;
			};
			name = Debug;
		};
		A00DD7381DA5C63C008A5FD0 /* Release */ = {
			isa = XCBuildConfiguration;
			buildSettings = {
				ALWAYS_EMBED_SWIFT_STANDARD_LIBRARIES = YES;
				INFOPLIST_FILE = LearningRxUITests/Info.plist;
				LD_RUNPATH_SEARCH_PATHS = "$(inherited) @executable_path/Frameworks @loader_path/Frameworks";
				PRODUCT_BUNDLE_IDENTIFIER = UCCS.LearningRxUITests;
				PRODUCT_NAME = "$(TARGET_NAME)";
				SWIFT_VERSION = 3.0;
				TEST_TARGET_NAME = LearningRx;
			};
			name = Release;
		};
/* End XCBuildConfiguration section */

/* Begin XCConfigurationList section */
		A00DD7031DA5C63C008A5FD0 /* Build configuration list for PBXProject "LearningRx" */ = {
			isa = XCConfigurationList;
			buildConfigurations = (
				A00DD72E1DA5C63C008A5FD0 /* Debug */,
				A00DD72F1DA5C63C008A5FD0 /* Release */,
			);
			defaultConfigurationIsVisible = 0;
			defaultConfigurationName = Release;
		};
		A00DD7301DA5C63C008A5FD0 /* Build configuration list for PBXNativeTarget "LearningRx" */ = {
			isa = XCConfigurationList;
			buildConfigurations = (
				A00DD7311DA5C63C008A5FD0 /* Debug */,
				A00DD7321DA5C63C008A5FD0 /* Release */,
			);
			defaultConfigurationIsVisible = 0;
			defaultConfigurationName = Release;
		};
		A00DD7331DA5C63C008A5FD0 /* Build configuration list for PBXNativeTarget "LearningRxTests" */ = {
			isa = XCConfigurationList;
			buildConfigurations = (
				A00DD7341DA5C63C008A5FD0 /* Debug */,
				A00DD7351DA5C63C008A5FD0 /* Release */,
			);
			defaultConfigurationIsVisible = 0;
			defaultConfigurationName = Release;
		};
		A00DD7361DA5C63C008A5FD0 /* Build configuration list for PBXNativeTarget "LearningRxUITests" */ = {
			isa = XCConfigurationList;
			buildConfigurations = (
				A00DD7371DA5C63C008A5FD0 /* Debug */,
				A00DD7381DA5C63C008A5FD0 /* Release */,
			);
			defaultConfigurationIsVisible = 0;
			defaultConfigurationName = Release;
		};
/* End XCConfigurationList section */
	};
	rootObject = A00DD7001DA5C63C008A5FD0 /* Project object */;
}
